
Microsoft Visual Studio Solution File, Format Version 12.00
# Visual Studio 14
VisualStudioVersion = 14.0.25420.1
MinimumVisualStudioVersion = 10.0.40219.1
Project("{FAE04EC0-301F-11D3-BF4B-00C04F79EFBC}") = "WindowsFormsApplication1", "WindowsFormsApplication1\WindowsFormsApplication1.csproj", "{7FE8E2E2-0ACC-4752-BF95-486454EBA224}"
EndProject
Project("{FAE04EC0-301F-11D3-BF4B-00C04F79EFBC}") = "WindowsFormsApplication2", "..\WindowsFormsApplication2\WindowsFormsApplication2\WindowsFormsApplication2.csproj", "{C5252145-6BA2-4732-A170-7C2E27D43F34}"
EndProject
Global
	GlobalSection(SolutionConfigurationPlatforms) = preSolution
		Debug|Any CPU = Debug|Any CPU
		Release|Any CPU = Release|Any CPU
	EndGlobalSection
	GlobalSection(ProjectConfigurationPlatforms) = postSolution
		{7FE8E2E2-0ACC-4752-BF95-486454EBA224}.Debug|Any CPU.ActiveCfg = Debug|Any CPU
		{7FE8E2E2-0ACC-4752-BF95-486454EBA224}.Debug|Any CPU.Build.0 = Debug|Any CPU
		{7FE8E2E2-0ACC-4752-BF95-486454EBA224}.Release|Any CPU.ActiveCfg = Release|Any CPU
		{7FE8E2E2-0ACC-4752-BF95-486454EBA224}.Release|Any CPU.Build.0 = Release|Any CPU
		{C5252145-6BA2-4732-A170-7C2E27D43F34}.Debug|Any CPU.ActiveCfg = Debug|Any CPU
		{C5252145-6BA2-4732-A170-7C2E27D43F34}.Debug|Any CPU.Build.0 = Debug|Any CPU
		{C5252145-6BA2-4732-A170-7C2E27D43F34}.Release|Any CPU.ActiveCfg = Release|Any CPU
		{C5252145-6BA2-4732-A170-7C2E27D43F34}.Release|Any CPU.Build.0 = Release|Any CPU
	EndGlobalSection
	GlobalSection(SolutionProperties) = preSolution
		HideSolutionNode = FALSE
	EndGlobalSection
EndGlobal
